
Microsoft Visual Studio Solution File, Format Version 12.00
# Visual Studio Version 17
VisualStudioVersion = 17.9.34607.119
MinimumVisualStudioVersion = 10.0.40219.1
Project("{FAE04EC0-301F-11D3-BF4B-00C04F79EFBC}") = "WpfApp1parcial2", "WpfApp1parcial2\WpfApp1parcial2.csproj", "{F4F004CA-471F-4E71-9AD8-060D1E49989A}"
EndProject
Global
	GlobalSection(SolutionConfigurationPlatforms) = preSolution
		Debug|Any CPU = Debug|Any CPU
		Release|Any CPU = Release|Any CPU
	EndGlobalSection
	GlobalSection(ProjectConfigurationPlatforms) = postSolution
		{F4F004CA-471F-4E71-9AD8-060D1E49989A}.Debug|Any CPU.ActiveCfg = Debug|Any CPU
		{F4F004CA-471F-4E71-9AD8-060D1E49989A}.Debug|Any CPU.Build.0 = Debug|Any CPU
		{F4F004CA-471F-4E71-9AD8-060D1E49989A}.Release|Any CPU.ActiveCfg = Release|Any CPU
		{F4F004CA-471F-4E71-9AD8-060D1E49989A}.Release|Any CPU.Build.0 = Release|Any CPU
	EndGlobalSection
	GlobalSection(SolutionProperties) = preSolution
		HideSolutionNode = FALSE
	EndGlobalSection
	GlobalSection(ExtensibilityGlobals) = postSolution
		SolutionGuid = {4BA5C764-BCA0-43A1-BC04-329228593515}
	EndGlobalSection
EndGlobal
